// !$*UTF8*$!
{
	archiveVersion = 1;
	classes = {
	};
	objectVersion = 46;
	objects = {

/* Begin PBXBuildFile section */
		8F3E5E5B1D6501AA00BD22E2 /* main.cpp in Sources */ = {isa = PBXBuildFile; fileRef = 8FBE92061D60F919006343D5 /* main.cpp */; };
		8F3E5E631D6501C900BD22E2 /* smooth.cpp in Sources */ = {isa = PBXBuildFile; fileRef = 8F3E5E621D6501C900BD22E2 /* smooth.cpp */; };
		8FBE92071D60F919006343D5 /* main.cpp in Sources */ = {isa = PBXBuildFile; fileRef = 8FBE92061D60F919006343D5 /* main.cpp */; };
/* End PBXBuildFile section */

/* Begin PBXCopyFilesBuildPhase section */
		8F3E5E5D1D6501AA00BD22E2 /* CopyFiles */ = {
			isa = PBXCopyFilesBuildPhase;
			buildActionMask = 2147483647;
			dstPath = /usr/share/man/man1/;
			dstSubfolderSpec = 0;
			files = (
			);
			runOnlyForDeploymentPostprocessing = 1;
		};
		8FBE91FA1D60F8C9006343D5 /* CopyFiles */ = {
			isa = PBXCopyFilesBuildPhase;
			buildActionMask = 2147483647;
			dstPath = /usr/share/man/man1/;
			dstSubfolderSpec = 0;
			files = (
			);
			runOnlyForDeploymentPostprocessing = 1;
		};
/* End PBXCopyFilesBuildPhase section */

/* Begin PBXFileReference section */
		8F3E5E611D6501AA00BD22E2 /* smooth */ = {isa = PBXFileReference; explicitFileType = "compiled.mach-o.executable"; includeInIndex = 0; path = smooth; sourceTree = BUILT_PRODUCTS_DIR; };
		8F3E5E621D6501C900BD22E2 /* smooth.cpp */ = {isa = PBXFileReference; fileEncoding = 4; lastKnownFileType = sourcecode.cpp.cpp; path = smooth.cpp; sourceTree = "<group>"; };
		8FBE91FC1D60F8C9006343D5 /* main */ = {isa = PBXFileReference; explicitFileType = "compiled.mach-o.executable"; includeInIndex = 0; path = main; sourceTree = BUILT_PRODUCTS_DIR; };
		8FBE92061D60F919006343D5 /* main.cpp */ = {isa = PBXFileReference; fileEncoding = 4; lastKnownFileType = sourcecode.cpp.cpp; path = main.cpp; sourceTree = "<group>"; usesTabs = 1; };
/* End PBXFileReference section */

/* Begin PBXFrameworksBuildPhase section */
		8F3E5E5C1D6501AA00BD22E2 /* Frameworks */ = {
			isa = PBXFrameworksBuildPhase;
			buildActionMask = 2147483647;
			files = (
			);
			runOnlyForDeploymentPostprocessing = 0;
		};
		8FBE91F91D60F8C9006343D5 /* Frameworks */ = {
			isa = PBXFrameworksBuildPhase;
			buildActionMask = 2147483647;
			files = (
			);
			runOnlyForDeploymentPostprocessing = 0;
		};
/* End PBXFrameworksBuildPhase section */

/* Begin PBXGroup section */
		8FBE91F31D60F8C9006343D5 = {
			isa = PBXGroup;
			children = (
				8F3E5E621D6501C900BD22E2 /* smooth.cpp */,
				8FBE92061D60F919006343D5 /* main.cpp */,
				8FBE91FD1D60F8C9006343D5 /* Products */,
			);
			sourceTree = "<group>";
		};
		8FBE91FD1D60F8C9006343D5 /* Products */ = {
			isa = PBXGroup;
			children = (
				8FBE91FC1D60F8C9006343D5 /* main */,
				8F3E5E611D6501AA00BD22E2 /* smooth */,
			);
			name = Products;
			path = /Users/Tyson/Documents/Academic/COMS2004/Project/MaxSubArray;
			sourceTree = "<absolute>";
		};
/* End PBXGroup section */

/* Begin PBXNativeTarget section */
		8F3E5E591D6501AA00BD22E2 /* smooth */ = {
			isa = PBXNativeTarget;
			buildConfigurationList = 8F3E5E5E1D6501AA00BD22E2 /* Build configuration list for PBXNativeTarget "smooth" */;
			buildPhases = (
				8F3E5E5A1D6501AA00BD22E2 /* Sources */,
				8F3E5E5C1D6501AA00BD22E2 /* Frameworks */,
				8F3E5E5D1D6501AA00BD22E2 /* CopyFiles */,
			);
			buildRules = (
			);
			dependencies = (
			);
			name = smooth;
			productName = MaxSubArray;
			productReference = 8F3E5E611D6501AA00BD22E2 /* smooth */;
			productType = "com.apple.product-type.tool";
		};
		8FBE91FB1D60F8C9006343D5 /* main */ = {
			isa = PBXNativeTarget;
			buildConfigurationList = 8FBE92031D60F8C9006343D5 /* Build configuration list for PBXNativeTarget "main" */;
			buildPhases = (
				8FBE91F81D60F8C9006343D5 /* Sources */,
				8FBE91F91D60F8C9006343D5 /* Frameworks */,
				8FBE91FA1D60F8C9006343D5 /* CopyFiles */,
			);
			buildRules = (
			);
			dependencies = (
			);
			name = main;
			productName = MaxSubArray;
			productReference = 8FBE91FC1D60F8C9006343D5 /* main */;
			productType = "com.apple.product-type.tool";
		};
/* End PBXNativeTarget section */

/* Begin PBXProject section */
		8FBE91F41D60F8C9006343D5 /* Project object */ = {
			isa = PBXProject;
			attributes = {
				LastUpgradeCheck = 0730;
				ORGANIZATIONNAME = "Tyson Cross";
				TargetAttributes = {
					8FBE91FB1D60F8C9006343D5 = {
						CreatedOnToolsVersion = 7.3.1;
					};
				};
			};
			buildConfigurationList = 8FBE91F71D60F8C9006343D5 /* Build configuration list for PBXProject "MaxSubArray" */;
			compatibilityVersion = "Xcode 3.2";
			developmentRegion = English;
			hasScannedForEncodings = 0;
			knownRegions = (
				en,
			);
			mainGroup = 8FBE91F31D60F8C9006343D5;
			productRefGroup = 8FBE91FD1D60F8C9006343D5 /* Products */;
			projectDirPath = "";
			projectRoot = "";
			targets = (
				8FBE91FB1D60F8C9006343D5 /* main */,
				8F3E5E591D6501AA00BD22E2 /* smooth */,
			);
		};
/* End PBXProject section */

/* Begin PBXSourcesBuildPhase section */
		8F3E5E5A1D6501AA00BD22E2 /* Sources */ = {
			isa = PBXSourcesBuildPhase;
			buildActionMask = 2147483647;
			files = (
				8F3E5E5B1D6501AA00BD22E2 /* main.cpp in Sources */,
				8F3E5E631D6501C900BD22E2 /* smooth.cpp in Sources */,
			);
			runOnlyForDeploymentPostprocessing = 0;
		};
		8FBE91F81D60F8C9006343D5 /* Sources */ = {
			isa = PBXSourcesBuildPhase;
			buildActionMask = 2147483647;
			files = (
				8FBE92071D60F919006343D5 /* main.cpp in Sources */,
			);
			runOnlyForDeploymentPostprocessing = 0;
		};
/* End PBXSourcesBuildPhase section */

/* Begin XCBuildConfiguration section */
		8F3E5E5F1D6501AA00BD22E2 /* Debug */ = {
			isa = XCBuildConfiguration;
			buildSettings = {
				PRODUCT_NAME = "$(TARGET_NAME)";
			};
			name = Debug;
		};
		8F3E5E601D6501AA00BD22E2 /* Release */ = {
			isa = XCBuildConfiguration;
			buildSettings = {
				PRODUCT_NAME = "$(TARGET_NAME)";
			};
			name = Release;
		};
		8FBE92011D60F8C9006343D5 /* Debug */ = {
			isa = XCBuildConfiguration;
			buildSettings = {
				ALWAYS_SEARCH_USER_PATHS = YES;
				CLANG_ANALYZER_NONNULL = YES;
				CLANG_CXX_LANGUAGE_STANDARD = "gnu++0x";
				CLANG_CXX_LIBRARY = "libc++";
				CLANG_ENABLE_MODULES = YES;
				CLANG_ENABLE_OBJC_ARC = YES;
				CLANG_WARN_BOOL_CONVERSION = YES;
				CLANG_WARN_CONSTANT_CONVERSION = YES;
				CLANG_WARN_DIRECT_OBJC_ISA_USAGE = YES_ERROR;
				CLANG_WARN_EMPTY_BODY = YES;
				CLANG_WARN_ENUM_CONVERSION = YES;
				CLANG_WARN_INT_CONVERSION = YES;
				CLANG_WARN_OBJC_ROOT_CLASS = YES_ERROR;
				CLANG_WARN_UNREACHABLE_CODE = YES;
				CLANG_WARN__DUPLICATE_METHOD_MATCH = YES;
				CODE_SIGN_IDENTITY = "-";
				COPY_PHASE_STRIP = NO;
				DEBUG_INFORMATION_FORMAT = dwarf;
				ENABLE_STRICT_OBJC_MSGSEND = YES;
				ENABLE_TESTABILITY = YES;
				GCC_C_LANGUAGE_STANDARD = gnu99;
				GCC_DYNAMIC_NO_PIC = NO;
				GCC_NO_COMMON_BLOCKS = YES;
				GCC_OPTIMIZATION_LEVEL = 0;
				GCC_PREPROCESSOR_DEFINITIONS = (
					"DEBUG=1",
					"$(inherited)",
				);
				GCC_WARN_64_TO_32_BIT_CONVERSION = YES;
				GCC_WARN_ABOUT_RETURN_TYPE = YES_ERROR;
				GCC_WARN_UNDECLARED_SELECTOR = YES;
				GCC_WARN_UNINITIALIZED_AUTOS = YES_AGGRESSIVE;
				GCC_WARN_UNUSED_FUNCTION = YES;
				GCC_WARN_UNUSED_VARIABLE = YES;
				"HEADER_SEARCH_PATHS[arch=*]" = /usr/local/include;
				"LIBRARY_SEARCH_PATHS[arch=*]" = /usr/local/lib;
				MACOSX_DEPLOYMENT_TARGET = 10.11;
				MTL_ENABLE_DEBUG_INFO = YES;
				ONLY_ACTIVE_ARCH = YES;
				SDKROOT = macosx;
			};
			name = Debug;
		};
		8FBE92021D60F8C9006343D5 /* Release */ = {
			isa = XCBuildConfiguration;
			buildSettings = {
				ALWAYS_SEARCH_USER_PATHS = YES;
				CLANG_ANALYZER_NONNULL = YES;
				CLANG_CXX_LANGUAGE_STANDARD = "gnu++0x";
				CLANG_CXX_LIBRARY = "libc++";
				CLANG_ENABLE_MODULES = YES;
				CLANG_ENABLE_OBJC_ARC = YES;
				CLANG_WARN_BOOL_CONVERSION = YES;
				CLANG_WARN_CONSTANT_CONVERSION = YES;
				CLANG_WARN_DIRECT_OBJC_ISA_USAGE = YES_ERROR;
				CLANG_WARN_EMPTY_BODY = YES;
				CLANG_WARN_ENUM_CONVERSION = YES;
				CLANG_WARN_INT_CONVERSION = YES;
				CLANG_WARN_OBJC_ROOT_CLASS = YES_ERROR;
				CLANG_WARN_UNREACHABLE_CODE = YES;
				CLANG_WARN__DUPLICATE_METHOD_MATCH = YES;
				CODE_SIGN_IDENTITY = "-";
				COPY_PHASE_STRIP = NO;
				DEBUG_INFORMATION_FORMAT = "dwarf-with-dsym";
				ENABLE_NS_ASSERTIONS = NO;
				ENABLE_STRICT_OBJC_MSGSEND = YES;
				GCC_C_LANGUAGE_STANDARD = gnu99;
				GCC_NO_COMMON_BLOCKS = YES;
				GCC_WARN_64_TO_32_BIT_CONVERSION = YES;
				GCC_WARN_ABOUT_RETURN_TYPE = YES_ERROR;
				GCC_WARN_UNDECLARED_SELECTOR = YES;
				GCC_WARN_UNINITIALIZED_AUTOS = YES_AGGRESSIVE;
				GCC_WARN_UNUSED_FUNCTION = YES;
				GCC_WARN_UNUSED_VARIABLE = YES;
				"HEADER_SEARCH_PATHS[arch=*]" = /usr/local/include;
				"LIBRARY_SEARCH_PATHS[arch=*]" = /usr/local/lib;
				MACOSX_DEPLOYMENT_TARGET = 10.11;
				MTL_ENABLE_DEBUG_INFO = NO;
				SDKROOT = macosx;
			};
			name = Release;
		};
		8FBE92041D60F8C9006343D5 /* Debug */ = {
			isa = XCBuildConfiguration;
			buildSettings = {
				PRODUCT_NAME = "$(TARGET_NAME)";
			};
			name = Debug;
		};
		8FBE92051D60F8C9006343D5 /* Release */ = {
			isa = XCBuildConfiguration;
			buildSettings = {
				PRODUCT_NAME = "$(TARGET_NAME)";
			};
			name = Release;
		};
/* End XCBuildConfiguration section */

/* Begin XCConfigurationList section */
		8F3E5E5E1D6501AA00BD22E2 /* Build configuration list for PBXNativeTarget "smooth" */ = {
			isa = XCConfigurationList;
			buildConfigurations = (
				8F3E5E5F1D6501AA00BD22E2 /* Debug */,
				8F3E5E601D6501AA00BD22E2 /* Release */,
			);
			defaultConfigurationIsVisible = 0;
			defaultConfigurationName = Release;
		};
		8FBE91F71D60F8C9006343D5 /* Build configuration list for PBXProject "MaxSubArray" */ = {
			isa = XCConfigurationList;
			buildConfigurations = (
				8FBE92011D60F8C9006343D5 /* Debug */,
				8FBE92021D60F8C9006343D5 /* Release */,
			);
			defaultConfigurationIsVisible = 0;
			defaultConfigurationName = Release;
		};
		8FBE92031D60F8C9006343D5 /* Build configuration list for PBXNativeTarget "main" */ = {
			isa = XCConfigurationList;
			buildConfigurations = (
				8FBE92041D60F8C9006343D5 /* Debug */,
				8FBE92051D60F8C9006343D5 /* Release */,
			);
			defaultConfigurationIsVisible = 0;
			defaultConfigurationName = Release;
		};
/* End XCConfigurationList section */
	};
	rootObject = 8FBE91F41D60F8C9006343D5 /* Project object */;
}
